
Microsoft Visual Studio Solution File, Format Version 12.00
# Visual Studio Version 16
VisualStudioVersion = 16.0.33214.272
MinimumVisualStudioVersion = 10.0.40219.1
Project("{FAE04EC0-301F-11D3-BF4B-00C04F79EFBC}") = "PDV", "PDV\PDV.csproj", "{0918AA81-7B49-42F5-BA2A-78195111B353}"
EndProject
Global
	GlobalSection(SolutionConfigurationPlatforms) = preSolution
		Debug|Any CPU = Debug|Any CPU
		Release|Any CPU = Release|Any CPU
	EndGlobalSection
	GlobalSection(ProjectConfigurationPlatforms) = postSolution
		{0918AA81-7B49-42F5-BA2A-78195111B353}.Debug|Any CPU.ActiveCfg = Debug|Any CPU
		{0918AA81-7B49-42F5-BA2A-78195111B353}.Debug|Any CPU.Build.0 = Debug|Any CPU
		{0918AA81-7B49-42F5-BA2A-78195111B353}.Release|Any CPU.ActiveCfg = Release|Any CPU
		{0918AA81-7B49-42F5-BA2A-78195111B353}.Release|Any CPU.Build.0 = Release|Any CPU
	EndGlobalSection
	GlobalSection(SolutionProperties) = preSolution
		HideSolutionNode = FALSE
	EndGlobalSection
	GlobalSection(ExtensibilityGlobals) = postSolution
		SolutionGuid = {5CAE997F-5A64-4BC7-9DE1-77DB8C1FF001}
	EndGlobalSection
EndGlobal
